
Microsoft Visual Studio Solution File, Format Version 12.00
# Visual Studio Version 17
VisualStudioVersion = 17.2.32616.157
MinimumVisualStudioVersion = 10.0.40219.1
Project("{FAE04EC0-301F-11D3-BF4B-00C04F79EFBC}") = "ExceptionHandling", "ExceptionHandling\ExceptionHandling.csproj", "{2B660246-D784-4151-8F9E-A3E3164AB4A7}"
EndProject
Global
	GlobalSection(SolutionConfigurationPlatforms) = preSolution
		Debug|Any CPU = Debug|Any CPU
		Release|Any CPU = Release|Any CPU
	EndGlobalSection
	GlobalSection(ProjectConfigurationPlatforms) = postSolution
		{2B660246-D784-4151-8F9E-A3E3164AB4A7}.Debug|Any CPU.ActiveCfg = Debug|Any CPU
		{2B660246-D784-4151-8F9E-A3E3164AB4A7}.Debug|Any CPU.Build.0 = Debug|Any CPU
		{2B660246-D784-4151-8F9E-A3E3164AB4A7}.Release|Any CPU.ActiveCfg = Release|Any CPU
		{2B660246-D784-4151-8F9E-A3E3164AB4A7}.Release|Any CPU.Build.0 = Release|Any CPU
	EndGlobalSection
	GlobalSection(SolutionProperties) = preSolution
		HideSolutionNode = FALSE
	EndGlobalSection
	GlobalSection(ExtensibilityGlobals) = postSolution
		SolutionGuid = {23329945-A414-4328-908C-2A46E6E15312}
	EndGlobalSection
EndGlobal
